
Microsoft Visual Studio Solution File, Format Version 12.00
# Visual Studio 15
VisualStudioVersion = 15.0.26206.0
MinimumVisualStudioVersion = 10.0.40219.1
Project("{F2A71F9B-5D33-465A-A702-920D77279786}") = "NaiveLine", "NaiveLine\NaiveLine.fsproj", "{B4D28CE7-A3FC-403E-B2A7-DBDC365865FC}"
EndProject
Project("{F2A71F9B-5D33-465A-A702-920D77279786}") = "Records", "Records\Records.fsproj", "{4863FD56-0D7E-4014-BA23-47299656902E}"
EndProject
Project("{F2A71F9B-5D33-465A-A702-920D77279786}") = "Plotter", "Plotter\Plotter.fsproj", "{4421990E-2B91-4C4D-890B-42F3534E87D2}"
EndProject
Project("{F2A71F9B-5D33-465A-A702-920D77279786}") = "MoveAndTurn", "MoveAndTurn\MoveAndTurn.fsproj", "{1E865B52-299C-4E70-A1CE-9E3047E90D2B}"
EndProject
Project("{F2A71F9B-5D33-465A-A702-920D77279786}") = "ForwardPipes", "ForwardPipes\ForwardPipes.fsproj", "{551696D7-DB2F-4ABD-A41A-72D1C6DFA732}"
EndProject
Project("{F2A71F9B-5D33-465A-A702-920D77279786}") = "Fold", "Fold\Fold.fsproj", "{84CC7BB6-CCF4-4C4A-8C23-348BEF95FC61}"
EndProject
Global
	GlobalSection(SolutionConfigurationPlatforms) = preSolution
		Debug|Any CPU = Debug|Any CPU
		Release|Any CPU = Release|Any CPU
	EndGlobalSection
	GlobalSection(ProjectConfigurationPlatforms) = postSolution
		{B4D28CE7-A3FC-403E-B2A7-DBDC365865FC}.Debug|Any CPU.ActiveCfg = Debug|Any CPU
		{B4D28CE7-A3FC-403E-B2A7-DBDC365865FC}.Debug|Any CPU.Build.0 = Debug|Any CPU
		{B4D28CE7-A3FC-403E-B2A7-DBDC365865FC}.Release|Any CPU.ActiveCfg = Release|Any CPU
		{B4D28CE7-A3FC-403E-B2A7-DBDC365865FC}.Release|Any CPU.Build.0 = Release|Any CPU
		{4863FD56-0D7E-4014-BA23-47299656902E}.Debug|Any CPU.ActiveCfg = Debug|Any CPU
		{4863FD56-0D7E-4014-BA23-47299656902E}.Debug|Any CPU.Build.0 = Debug|Any CPU
		{4863FD56-0D7E-4014-BA23-47299656902E}.Release|Any CPU.ActiveCfg = Release|Any CPU
		{4863FD56-0D7E-4014-BA23-47299656902E}.Release|Any CPU.Build.0 = Release|Any CPU
		{4421990E-2B91-4C4D-890B-42F3534E87D2}.Debug|Any CPU.ActiveCfg = Debug|Any CPU
		{4421990E-2B91-4C4D-890B-42F3534E87D2}.Debug|Any CPU.Build.0 = Debug|Any CPU
		{4421990E-2B91-4C4D-890B-42F3534E87D2}.Release|Any CPU.ActiveCfg = Release|Any CPU
		{4421990E-2B91-4C4D-890B-42F3534E87D2}.Release|Any CPU.Build.0 = Release|Any CPU
		{1E865B52-299C-4E70-A1CE-9E3047E90D2B}.Debug|Any CPU.ActiveCfg = Debug|Any CPU
		{1E865B52-299C-4E70-A1CE-9E3047E90D2B}.Debug|Any CPU.Build.0 = Debug|Any CPU
		{1E865B52-299C-4E70-A1CE-9E3047E90D2B}.Release|Any CPU.ActiveCfg = Release|Any CPU
		{1E865B52-299C-4E70-A1CE-9E3047E90D2B}.Release|Any CPU.Build.0 = Release|Any CPU
		{551696D7-DB2F-4ABD-A41A-72D1C6DFA732}.Debug|Any CPU.ActiveCfg = Debug|Any CPU
		{551696D7-DB2F-4ABD-A41A-72D1C6DFA732}.Debug|Any CPU.Build.0 = Debug|Any CPU
		{551696D7-DB2F-4ABD-A41A-72D1C6DFA732}.Release|Any CPU.ActiveCfg = Release|Any CPU
		{551696D7-DB2F-4ABD-A41A-72D1C6DFA732}.Release|Any CPU.Build.0 = Release|Any CPU
		{84CC7BB6-CCF4-4C4A-8C23-348BEF95FC61}.Debug|Any CPU.ActiveCfg = Debug|Any CPU
		{84CC7BB6-CCF4-4C4A-8C23-348BEF95FC61}.Debug|Any CPU.Build.0 = Debug|Any CPU
		{84CC7BB6-CCF4-4C4A-8C23-348BEF95FC61}.Release|Any CPU.ActiveCfg = Release|Any CPU
		{84CC7BB6-CCF4-4C4A-8C23-348BEF95FC61}.Release|Any CPU.Build.0 = Release|Any CPU
	EndGlobalSection
	GlobalSection(SolutionProperties) = preSolution
		HideSolutionNode = FALSE
	EndGlobalSection
EndGlobal
